// !$*UTF8*$!
{
	archiveVersion = 1;
	classes = {
	};
	objectVersion = 50;
	objects = {

/* Begin PBXBuildFile section */
		29044E35915653CF7F40F0F4 /* Pods_CSVReaderUITests.framework in Frameworks */ = {isa = PBXBuildFile; fileRef = ED7FA76EA816E08FBF28D1BB /* Pods_CSVReaderUITests.framework */; };
		30B3AB0A6E9BFE79611CD665 /* Pods_CSVReaderTests.framework in Frameworks */ = {isa = PBXBuildFile; fileRef = B7553B79DC694E9B91E81B53 /* Pods_CSVReaderTests.framework */; };
		B257CA0000057A287BF8926A /* Pods_CSVReader.framework in Frameworks */ = {isa = PBXBuildFile; fileRef = F82188BF129C8F7AD7A7BB87 /* Pods_CSVReader.framework */; };
		B80472D922A18E2900452566 /* LoadFileListWorkerTests.swift in Sources */ = {isa = PBXBuildFile; fileRef = B80472D822A18E2900452566 /* LoadFileListWorkerTests.swift */; };
		B8FBAE4F229ED742002439A1 /* AppDelegate.swift in Sources */ = {isa = PBXBuildFile; fileRef = B8FBAE4E229ED742002439A1 /* AppDelegate.swift */; };
		B8FBAE56229ED744002439A1 /* Assets.xcassets in Resources */ = {isa = PBXBuildFile; fileRef = B8FBAE55229ED744002439A1 /* Assets.xcassets */; };
		B8FBAE59229ED744002439A1 /* LaunchScreen.storyboard in Resources */ = {isa = PBXBuildFile; fileRef = B8FBAE57229ED744002439A1 /* LaunchScreen.storyboard */; };
		B8FBAE8A229EE9BF002439A1 /* KIF.framework in Frameworks */ = {isa = PBXBuildFile; fileRef = B8FBAE89229EE9BF002439A1 /* KIF.framework */; };
		B8FBAE92229EFA02002439A1 /* FileListPresenter.swift in Sources */ = {isa = PBXBuildFile; fileRef = B8FBAE8B229EFA02002439A1 /* FileListPresenter.swift */; };
		B8FBAE93229EFA02002439A1 /* FileListWorker.swift in Sources */ = {isa = PBXBuildFile; fileRef = B8FBAE8C229EFA02002439A1 /* FileListWorker.swift */; };
		B8FBAE94229EFA02002439A1 /* FileListRouter.swift in Sources */ = {isa = PBXBuildFile; fileRef = B8FBAE8D229EFA02002439A1 /* FileListRouter.swift */; };
		B8FBAE95229EFA02002439A1 /* FileListModels.swift in Sources */ = {isa = PBXBuildFile; fileRef = B8FBAE8E229EFA02002439A1 /* FileListModels.swift */; };
		B8FBAE96229EFA02002439A1 /* FileListViewController.swift in Sources */ = {isa = PBXBuildFile; fileRef = B8FBAE8F229EFA02002439A1 /* FileListViewController.swift */; };
		B8FBAE97229EFA02002439A1 /* FileListInteractor.swift in Sources */ = {isa = PBXBuildFile; fileRef = B8FBAE90229EFA02002439A1 /* FileListInteractor.swift */; };
		B8FBAE98229EFA02002439A1 /* FileListView.swift in Sources */ = {isa = PBXBuildFile; fileRef = B8FBAE91229EFA02002439A1 /* FileListView.swift */; };
		B8FBAEA3229EFA65002439A1 /* FileDetailPresenter.swift in Sources */ = {isa = PBXBuildFile; fileRef = B8FBAE9C229EFA65002439A1 /* FileDetailPresenter.swift */; };
		B8FBAEA4229EFA65002439A1 /* FileDetailWorker.swift in Sources */ = {isa = PBXBuildFile; fileRef = B8FBAE9D229EFA65002439A1 /* FileDetailWorker.swift */; };
		B8FBAEA5229EFA65002439A1 /* FileDetailRouter.swift in Sources */ = {isa = PBXBuildFile; fileRef = B8FBAE9E229EFA65002439A1 /* FileDetailRouter.swift */; };
		B8FBAEA6229EFA65002439A1 /* FileDetailModels.swift in Sources */ = {isa = PBXBuildFile; fileRef = B8FBAE9F229EFA65002439A1 /* FileDetailModels.swift */; };
		B8FBAEA7229EFA65002439A1 /* FileDetailViewController.swift in Sources */ = {isa = PBXBuildFile; fileRef = B8FBAEA0229EFA65002439A1 /* FileDetailViewController.swift */; };
		B8FBAEA8229EFA65002439A1 /* FileDetailInteractor.swift in Sources */ = {isa = PBXBuildFile; fileRef = B8FBAEA1229EFA65002439A1 /* FileDetailInteractor.swift */; };
		B8FBAEA9229EFA65002439A1 /* FileDetailView.swift in Sources */ = {isa = PBXBuildFile; fileRef = B8FBAEA2229EFA65002439A1 /* FileDetailView.swift */; };
		B8FBAEAE229F0F71002439A1 /* LoadFileListWorker.swift in Sources */ = {isa = PBXBuildFile; fileRef = B8FBAEAD229F0F71002439A1 /* LoadFileListWorker.swift */; };
		B8FBAEB3229F12D0002439A1 /* Color.swift in Sources */ = {isa = PBXBuildFile; fileRef = B8FBAEB2229F12D0002439A1 /* Color.swift */; };
		B8FBAEB5229F13E8002439A1 /* Font.swift in Sources */ = {isa = PBXBuildFile; fileRef = B8FBAEB4229F13E8002439A1 /* Font.swift */; };
		B8FBAEBA229F14F1002439A1 /* SFProText-Regular.otf in Resources */ = {isa = PBXBuildFile; fileRef = B8FBAEB8229F14F1002439A1 /* SFProText-Regular.otf */; };
		B8FBAEBB229F14F1002439A1 /* SFProText-Bold.otf in Resources */ = {isa = PBXBuildFile; fileRef = B8FBAEB9229F14F1002439A1 /* SFProText-Bold.otf */; };
		B8FBAEBD229F1604002439A1 /* UIView.swift in Sources */ = {isa = PBXBuildFile; fileRef = B8FBAEBC229F1604002439A1 /* UIView.swift */; };
		B8FBAEBF229F1634002439A1 /* Collection.swift in Sources */ = {isa = PBXBuildFile; fileRef = B8FBAEBE229F1634002439A1 /* Collection.swift */; };
		B8FBAEC3229F1695002439A1 /* Identifiers.swift in Sources */ = {isa = PBXBuildFile; fileRef = B8FBAEC2229F1695002439A1 /* Identifiers.swift */; };
		B8FBAEC5229F16E1002439A1 /* DebugLog.swift in Sources */ = {isa = PBXBuildFile; fileRef = B8FBAEC4229F16E1002439A1 /* DebugLog.swift */; };
		B8FBAEC7229F16F2002439A1 /* Screen.swift in Sources */ = {isa = PBXBuildFile; fileRef = B8FBAEC6229F16F2002439A1 /* Screen.swift */; };
		B8FBAECA229F199E002439A1 /* GenericViewController.swift in Sources */ = {isa = PBXBuildFile; fileRef = B8FBAEC9229F199E002439A1 /* GenericViewController.swift */; };
		B8FBAECC229F1A66002439A1 /* FileListTableViewCell.swift in Sources */ = {isa = PBXBuildFile; fileRef = B8FBAECB229F1A66002439A1 /* FileListTableViewCell.swift */; };
		B8FBAECE229F1E12002439A1 /* FileDetailTableViewCell.swift in Sources */ = {isa = PBXBuildFile; fileRef = B8FBAECD229F1E12002439A1 /* FileDetailTableViewCell.swift */; };
		B8FBAED8229FF332002439A1 /* Stage.bundle in Resources */ = {isa = PBXBuildFile; fileRef = B8FBAED7229FF332002439A1 /* Stage.bundle */; };
		B8FBAEDD229FF72E002439A1 /* AppConfig.swift in Sources */ = {isa = PBXBuildFile; fileRef = B8FBAEDC229FF72E002439A1 /* AppConfig.swift */; };
		B8FBAEDF22A0053C002439A1 /* LoadFileDataWorker.swift in Sources */ = {isa = PBXBuildFile; fileRef = B8FBAEDE22A0053C002439A1 /* LoadFileDataWorker.swift */; };
		B8FBAEE222A013A0002439A1 /* Issue.swift in Sources */ = {isa = PBXBuildFile; fileRef = B8FBAEE122A013A0002439A1 /* Issue.swift */; };
		B8FBAEE422A02070002439A1 /* Production.bundle in Resources */ = {isa = PBXBuildFile; fileRef = B8FBAEE322A02070002439A1 /* Production.bundle */; };
		B8FBAEE622A02435002439A1 /* AppImages.swift in Sources */ = {isa = PBXBuildFile; fileRef = B8FBAEE522A02435002439A1 /* AppImages.swift */; };
		B8FBAEE822A02642002439A1 /* File.swift in Sources */ = {isa = PBXBuildFile; fileRef = B8FBAEE722A02642002439A1 /* File.swift */; };
		B8FBAEEA22A0399E002439A1 /* String.swift in Sources */ = {isa = PBXBuildFile; fileRef = B8FBAEE922A0399E002439A1 /* String.swift */; };
		B8FBAEEC22A03BD5002439A1 /* Date.swift in Sources */ = {isa = PBXBuildFile; fileRef = B8FBAEEB22A03BD5002439A1 /* Date.swift */; };
		B8FBAEEE22A043F2002439A1 /* FileDetailHeaderFooterView.swift in Sources */ = {isa = PBXBuildFile; fileRef = B8FBAEED22A043F2002439A1 /* FileDetailHeaderFooterView.swift */; };
		B8FBAEFA22A1457F002439A1 /* FileListMocks.swift in Sources */ = {isa = PBXBuildFile; fileRef = B8FBAEF922A1457F002439A1 /* FileListMocks.swift */; };
		B8FBAEFB22A1458B002439A1 /* Test.bundle in Resources */ = {isa = PBXBuildFile; fileRef = B8FBAEF022A047D1002439A1 /* Test.bundle */; };
		B8FBAEFE22A14617002439A1 /* FileDetailMocks.swift in Sources */ = {isa = PBXBuildFile; fileRef = B8FBAEFD22A14617002439A1 /* FileDetailMocks.swift */; };
		B8FBAF0322A14660002439A1 /* FileListViewControllerTests.swift in Sources */ = {isa = PBXBuildFile; fileRef = B8FBAEFF22A14660002439A1 /* FileListViewControllerTests.swift */; };
		B8FBAF0422A14660002439A1 /* FileListInteractorTests.swift in Sources */ = {isa = PBXBuildFile; fileRef = B8FBAF0022A14660002439A1 /* FileListInteractorTests.swift */; };
		B8FBAF0522A14660002439A1 /* FileListWorkerTests.swift in Sources */ = {isa = PBXBuildFile; fileRef = B8FBAF0122A14660002439A1 /* FileListWorkerTests.swift */; };
		B8FBAF0622A14660002439A1 /* FileListPresenterTests.swift in Sources */ = {isa = PBXBuildFile; fileRef = B8FBAF0222A14660002439A1 /* FileListPresenterTests.swift */; };
		B8FBAF0B22A14689002439A1 /* FileDetailViewControllerTests.swift in Sources */ = {isa = PBXBuildFile; fileRef = B8FBAF0722A14689002439A1 /* FileDetailViewControllerTests.swift */; };
		B8FBAF0C22A14689002439A1 /* FileDetailInteractorTests.swift in Sources */ = {isa = PBXBuildFile; fileRef = B8FBAF0822A14689002439A1 /* FileDetailInteractorTests.swift */; };
		B8FBAF0D22A14689002439A1 /* FileDetailWorkerTests.swift in Sources */ = {isa = PBXBuildFile; fileRef = B8FBAF0922A14689002439A1 /* FileDetailWorkerTests.swift */; };
		B8FBAF0E22A14689002439A1 /* FileDetailPresenterTests.swift in Sources */ = {isa = PBXBuildFile; fileRef = B8FBAF0A22A14689002439A1 /* FileDetailPresenterTests.swift */; };
		B8FBAF1522A15C95002439A1 /* Robot.swift in Sources */ = {isa = PBXBuildFile; fileRef = B8FBAF1322A15C94002439A1 /* Robot.swift */; };
		B8FBAF1622A15C95002439A1 /* XCTest+KIFTestActor.swift in Sources */ = {isa = PBXBuildFile; fileRef = B8FBAF1422A15C94002439A1 /* XCTest+KIFTestActor.swift */; };
		B8FBAF1B22A15E87002439A1 /* FileListViewControllerUITests.swift in Sources */ = {isa = PBXBuildFile; fileRef = B8FBAF1A22A15E87002439A1 /* FileListViewControllerUITests.swift */; };
		B8FBAF1D22A15EA8002439A1 /* FileDetailViewControllerUITests.swift in Sources */ = {isa = PBXBuildFile; fileRef = B8FBAF1C22A15EA8002439A1 /* FileDetailViewControllerUITests.swift */; };
		B8FBAF1F22A176CC002439A1 /* XCTestCaseExtensions.swift in Sources */ = {isa = PBXBuildFile; fileRef = B8FBAF1E22A176CC002439A1 /* XCTestCaseExtensions.swift */; };
/* End PBXBuildFile section */

/* Begin PBXContainerItemProxy section */
		B8FBAE60229ED744002439A1 /* PBXContainerItemProxy */ = {
			isa = PBXContainerItemProxy;
			containerPortal = B8FBAE43229ED742002439A1 /* Project object */;
			proxyType = 1;
			remoteGlobalIDString = B8FBAE4A229ED742002439A1;
			remoteInfo = CSVReader;
		};
		B8FBAE77229ED80A002439A1 /* PBXContainerItemProxy */ = {
			isa = PBXContainerItemProxy;
			containerPortal = B8FBAE43229ED742002439A1 /* Project object */;
			proxyType = 1;
			remoteGlobalIDString = B8FBAE4A229ED742002439A1;
			remoteInfo = CSVReader;
		};
/* End PBXContainerItemProxy section */

/* Begin PBXFileReference section */
		05D5B046434063E4A197E224 /* Pods-CSVReaderTests.release_prod.xcconfig */ = {isa = PBXFileReference; includeInIndex = 1; lastKnownFileType = text.xcconfig; name = "Pods-CSVReaderTests.release_prod.xcconfig"; path = "Target Support Files/Pods-CSVReaderTests/Pods-CSVReaderTests.release_prod.xcconfig"; sourceTree = "<group>"; };
		14350D3E4704F6ED2734AEE6 /* Pods-CSVReaderTests.debug_prod.xcconfig */ = {isa = PBXFileReference; includeInIndex = 1; lastKnownFileType = text.xcconfig; name = "Pods-CSVReaderTests.debug_prod.xcconfig"; path = "Target Support Files/Pods-CSVReaderTests/Pods-CSVReaderTests.debug_prod.xcconfig"; sourceTree = "<group>"; };
		220A1168761A50225C7D78AA /* Pods-CSVReader.release_prod.xcconfig */ = {isa = PBXFileReference; includeInIndex = 1; lastKnownFileType = text.xcconfig; name = "Pods-CSVReader.release_prod.xcconfig"; path = "Target Support Files/Pods-CSVReader/Pods-CSVReader.release_prod.xcconfig"; sourceTree = "<group>"; };
		2799672ED81DFA7ED38C1D93 /* Pods-CSVReaderUITests.debug_prod.xcconfig */ = {isa = PBXFileReference; includeInIndex = 1; lastKnownFileType = text.xcconfig; name = "Pods-CSVReaderUITests.debug_prod.xcconfig"; path = "Target Support Files/Pods-CSVReaderUITests/Pods-CSVReaderUITests.debug_prod.xcconfig"; sourceTree = "<group>"; };
		29CD53B788B44D6AF38A2D26 /* Pods-CSVReaderTests.release_stage.xcconfig */ = {isa = PBXFileReference; includeInIndex = 1; lastKnownFileType = text.xcconfig; name = "Pods-CSVReaderTests.release_stage.xcconfig"; path = "Target Support Files/Pods-CSVReaderTests/Pods-CSVReaderTests.release_stage.xcconfig"; sourceTree = "<group>"; };
		361991C647E198B424440FB2 /* Pods-CSVReader.debug_stage.xcconfig */ = {isa = PBXFileReference; includeInIndex = 1; lastKnownFileType = text.xcconfig; name = "Pods-CSVReader.debug_stage.xcconfig"; path = "Target Support Files/Pods-CSVReader/Pods-CSVReader.debug_stage.xcconfig"; sourceTree = "<group>"; };
		40CACA7DEB81EFCE1152B245 /* Pods-CSVReaderUITests.release_prod.xcconfig */ = {isa = PBXFileReference; includeInIndex = 1; lastKnownFileType = text.xcconfig; name = "Pods-CSVReaderUITests.release_prod.xcconfig"; path = "Target Support Files/Pods-CSVReaderUITests/Pods-CSVReaderUITests.release_prod.xcconfig"; sourceTree = "<group>"; };
		7928D3531B98A1B073952F4C /* Pods-CSVReaderUITests.release_stage.xcconfig */ = {isa = PBXFileReference; includeInIndex = 1; lastKnownFileType = text.xcconfig; name = "Pods-CSVReaderUITests.release_stage.xcconfig"; path = "Target Support Files/Pods-CSVReaderUITests/Pods-CSVReaderUITests.release_stage.xcconfig"; sourceTree = "<group>"; };
		AF5D798368BD1F188B7E4A35 /* Pods-CSVReader.debug_prod.xcconfig */ = {isa = PBXFileReference; includeInIndex = 1; lastKnownFileType = text.xcconfig; name = "Pods-CSVReader.debug_prod.xcconfig"; path = "Target Support Files/Pods-CSVReader/Pods-CSVReader.debug_prod.xcconfig"; sourceTree = "<group>"; };
		B7553B79DC694E9B91E81B53 /* Pods_CSVReaderTests.framework */ = {isa = PBXFileReference; explicitFileType = wrapper.framework; includeInIndex = 0; path = Pods_CSVReaderTests.framework; sourceTree = BUILT_PRODUCTS_DIR; };
		B80472D822A18E2900452566 /* LoadFileListWorkerTests.swift */ = {isa = PBXFileReference; lastKnownFileType = sourcecode.swift; path = LoadFileListWorkerTests.swift; sourceTree = "<group>"; };
		B8FBAE4B229ED742002439A1 /* SimpleReader.app */ = {isa = PBXFileReference; explicitFileType = wrapper.application; includeInIndex = 0; path = SimpleReader.app; sourceTree = BUILT_PRODUCTS_DIR; };
		B8FBAE4E229ED742002439A1 /* AppDelegate.swift */ = {isa = PBXFileReference; lastKnownFileType = sourcecode.swift; path = AppDelegate.swift; sourceTree = "<group>"; };
		B8FBAE55229ED744002439A1 /* Assets.xcassets */ = {isa = PBXFileReference; lastKnownFileType = folder.assetcatalog; path = Assets.xcassets; sourceTree = "<group>"; };
		B8FBAE58229ED744002439A1 /* Base */ = {isa = PBXFileReference; lastKnownFileType = file.storyboard; name = Base; path = Base.lproj/LaunchScreen.storyboard; sourceTree = "<group>"; };
		B8FBAE5A229ED744002439A1 /* Info.plist */ = {isa = PBXFileReference; lastKnownFileType = text.plist.xml; path = Info.plist; sourceTree = "<group>"; };
		B8FBAE5F229ED744002439A1 /* CSVReaderTests.xctest */ = {isa = PBXFileReference; explicitFileType = wrapper.cfbundle; includeInIndex = 0; path = CSVReaderTests.xctest; sourceTree = BUILT_PRODUCTS_DIR; };
		B8FBAE65229ED744002439A1 /* Info.plist */ = {isa = PBXFileReference; lastKnownFileType = text.plist.xml; path = Info.plist; sourceTree = "<group>"; };
		B8FBAE72229ED80A002439A1 /* CSVReaderUITests.xctest */ = {isa = PBXFileReference; explicitFileType = wrapper.cfbundle; includeInIndex = 0; path = CSVReaderUITests.xctest; sourceTree = BUILT_PRODUCTS_DIR; };
		B8FBAE76229ED80A002439A1 /* Info.plist */ = {isa = PBXFileReference; lastKnownFileType = text.plist.xml; path = Info.plist; sourceTree = "<group>"; };
		B8FBAE89229EE9BF002439A1 /* KIF.framework */ = {isa = PBXFileReference; explicitFileType = wrapper.framework; path = KIF.framework; sourceTree = BUILT_PRODUCTS_DIR; };
		B8FBAE8B229EFA02002439A1 /* FileListPresenter.swift */ = {isa = PBXFileReference; lastKnownFileType = sourcecode.swift; path = FileListPresenter.swift; sourceTree = "<group>"; };
		B8FBAE8C229EFA02002439A1 /* FileListWorker.swift */ = {isa = PBXFileReference; lastKnownFileType = sourcecode.swift; path = FileListWorker.swift; sourceTree = "<group>"; };
		B8FBAE8D229EFA02002439A1 /* FileListRouter.swift */ = {isa = PBXFileReference; lastKnownFileType = sourcecode.swift; path = FileListRouter.swift; sourceTree = "<group>"; };
		B8FBAE8E229EFA02002439A1 /* FileListModels.swift */ = {isa = PBXFileReference; lastKnownFileType = sourcecode.swift; path = FileListModels.swift; sourceTree = "<group>"; };
		B8FBAE8F229EFA02002439A1 /* FileListViewController.swift */ = {isa = PBXFileReference; lastKnownFileType = sourcecode.swift; path = FileListViewController.swift; sourceTree = "<group>"; };
		B8FBAE90229EFA02002439A1 /* FileListInteractor.swift */ = {isa = PBXFileReference; lastKnownFileType = sourcecode.swift; path = FileListInteractor.swift; sourceTree = "<group>"; };
		B8FBAE91229EFA02002439A1 /* FileListView.swift */ = {isa = PBXFileReference; lastKnownFileType = sourcecode.swift; path = FileListView.swift; sourceTree = "<group>"; };
		B8FBAE9C229EFA65002439A1 /* FileDetailPresenter.swift */ = {isa = PBXFileReference; lastKnownFileType = sourcecode.swift; path = FileDetailPresenter.swift; sourceTree = "<group>"; };
		B8FBAE9D229EFA65002439A1 /* FileDetailWorker.swift */ = {isa = PBXFileReference; lastKnownFileType = sourcecode.swift; path = FileDetailWorker.swift; sourceTree = "<group>"; };
		B8FBAE9E229EFA65002439A1 /* FileDetailRouter.swift */ = {isa = PBXFileReference; lastKnownFileType = sourcecode.swift; path = FileDetailRouter.swift; sourceTree = "<group>"; };
		B8FBAE9F229EFA65002439A1 /* FileDetailModels.swift */ = {isa = PBXFileReference; lastKnownFileType = sourcecode.swift; path = FileDetailModels.swift; sourceTree = "<group>"; };
		B8FBAEA0229EFA65002439A1 /* FileDetailViewController.swift */ = {isa = PBXFileReference; lastKnownFileType = sourcecode.swift; path = FileDetailViewController.swift; sourceTree = "<group>"; };
		B8FBAEA1229EFA65002439A1 /* FileDetailInteractor.swift */ = {isa = PBXFileReference; lastKnownFileType = sourcecode.swift; path = FileDetailInteractor.swift; sourceTree = "<group>"; };
		B8FBAEA2229EFA65002439A1 /* FileDetailView.swift */ = {isa = PBXFileReference; lastKnownFileType = sourcecode.swift; path = FileDetailView.swift; sourceTree = "<group>"; };
		B8FBAEAD229F0F71002439A1 /* LoadFileListWorker.swift */ = {isa = PBXFileReference; lastKnownFileType = sourcecode.swift; path = LoadFileListWorker.swift; sourceTree = "<group>"; };
		B8FBAEB2229F12D0002439A1 /* Color.swift */ = {isa = PBXFileReference; lastKnownFileType = sourcecode.swift; path = Color.swift; sourceTree = "<group>"; };
		B8FBAEB4229F13E8002439A1 /* Font.swift */ = {isa = PBXFileReference; lastKnownFileType = sourcecode.swift; path = Font.swift; sourceTree = "<group>"; };
		B8FBAEB8229F14F1002439A1 /* SFProText-Regular.otf */ = {isa = PBXFileReference; lastKnownFileType = file; path = "SFProText-Regular.otf"; sourceTree = "<group>"; };
		B8FBAEB9229F14F1002439A1 /* SFProText-Bold.otf */ = {isa = PBXFileReference; lastKnownFileType = file; path = "SFProText-Bold.otf"; sourceTree = "<group>"; };
		B8FBAEBC229F1604002439A1 /* UIView.swift */ = {isa = PBXFileReference; lastKnownFileType = sourcecode.swift; path = UIView.swift; sourceTree = "<group>"; };
		B8FBAEBE229F1634002439A1 /* Collection.swift */ = {isa = PBXFileReference; lastKnownFileType = sourcecode.swift; path = Collection.swift; sourceTree = "<group>"; };
		B8FBAEC2229F1695002439A1 /* Identifiers.swift */ = {isa = PBXFileReference; lastKnownFileType = sourcecode.swift; path = Identifiers.swift; sourceTree = "<group>"; };
		B8FBAEC4229F16E1002439A1 /* DebugLog.swift */ = {isa = PBXFileReference; lastKnownFileType = sourcecode.swift; path = DebugLog.swift; sourceTree = "<group>"; };
		B8FBAEC6229F16F2002439A1 /* Screen.swift */ = {isa = PBXFileReference; lastKnownFileType = sourcecode.swift; path = Screen.swift; sourceTree = "<group>"; };
		B8FBAEC9229F199E002439A1 /* GenericViewController.swift */ = {isa = PBXFileReference; lastKnownFileType = sourcecode.swift; path = GenericViewController.swift; sourceTree = "<group>"; };
		B8FBAECB229F1A66002439A1 /* FileListTableViewCell.swift */ = {isa = PBXFileReference; lastKnownFileType = sourcecode.swift; path = FileListTableViewCell.swift; sourceTree = "<group>"; };
		B8FBAECD229F1E12002439A1 /* FileDetailTableViewCell.swift */ = {isa = PBXFileReference; lastKnownFileType = sourcecode.swift; path = FileDetailTableViewCell.swift; sourceTree = "<group>"; };
		B8FBAED7229FF332002439A1 /* Stage.bundle */ = {isa = PBXFileReference; lastKnownFileType = "wrapper.plug-in"; path = Stage.bundle; sourceTree = "<group>"; };
		B8FBAEDC229FF72E002439A1 /* AppConfig.swift */ = {isa = PBXFileReference; lastKnownFileType = sourcecode.swift; path = AppConfig.swift; sourceTree = "<group>"; };
		B8FBAEDE22A0053C002439A1 /* LoadFileDataWorker.swift */ = {isa = PBXFileReference; lastKnownFileType = sourcecode.swift; path = LoadFileDataWorker.swift; sourceTree = "<group>"; };
		B8FBAEE122A013A0002439A1 /* Issue.swift */ = {isa = PBXFileReference; lastKnownFileType = sourcecode.swift; path = Issue.swift; sourceTree = "<group>"; };
		B8FBAEE322A02070002439A1 /* Production.bundle */ = {isa = PBXFileReference; lastKnownFileType = "wrapper.plug-in"; path = Production.bundle; sourceTree = "<group>"; };
		B8FBAEE522A02435002439A1 /* AppImages.swift */ = {isa = PBXFileReference; lastKnownFileType = sourcecode.swift; path = AppImages.swift; sourceTree = "<group>"; };
		B8FBAEE722A02642002439A1 /* File.swift */ = {isa = PBXFileReference; lastKnownFileType = sourcecode.swift; path = File.swift; sourceTree = "<group>"; };
		B8FBAEE922A0399E002439A1 /* String.swift */ = {isa = PBXFileReference; lastKnownFileType = sourcecode.swift; path = String.swift; sourceTree = "<group>"; };
		B8FBAEEB22A03BD5002439A1 /* Date.swift */ = {isa = PBXFileReference; lastKnownFileType = sourcecode.swift; path = Date.swift; sourceTree = "<group>"; };
		B8FBAEED22A043F2002439A1 /* FileDetailHeaderFooterView.swift */ = {isa = PBXFileReference; lastKnownFileType = sourcecode.swift; path = FileDetailHeaderFooterView.swift; sourceTree = "<group>"; };
		B8FBAEF022A047D1002439A1 /* Test.bundle */ = {isa = PBXFileReference; lastKnownFileType = "wrapper.plug-in"; path = Test.bundle; sourceTree = "<group>"; };
		B8FBAEF922A1457F002439A1 /* FileListMocks.swift */ = {isa = PBXFileReference; lastKnownFileType = sourcecode.swift; path = FileListMocks.swift; sourceTree = "<group>"; };
		B8FBAEFD22A14617002439A1 /* FileDetailMocks.swift */ = {isa = PBXFileReference; lastKnownFileType = sourcecode.swift; path = FileDetailMocks.swift; sourceTree = "<group>"; };
		B8FBAEFF22A14660002439A1 /* FileListViewControllerTests.swift */ = {isa = PBXFileReference; lastKnownFileType = sourcecode.swift; path = FileListViewControllerTests.swift; sourceTree = "<group>"; };
		B8FBAF0022A14660002439A1 /* FileListInteractorTests.swift */ = {isa = PBXFileReference; lastKnownFileType = sourcecode.swift; path = FileListInteractorTests.swift; sourceTree = "<group>"; };
		B8FBAF0122A14660002439A1 /* FileListWorkerTests.swift */ = {isa = PBXFileReference; lastKnownFileType = sourcecode.swift; path = FileListWorkerTests.swift; sourceTree = "<group>"; };
		B8FBAF0222A14660002439A1 /* FileListPresenterTests.swift */ = {isa = PBXFileReference; lastKnownFileType = sourcecode.swift; path = FileListPresenterTests.swift; sourceTree = "<group>"; };
		B8FBAF0722A14689002439A1 /* FileDetailViewControllerTests.swift */ = {isa = PBXFileReference; lastKnownFileType = sourcecode.swift; path = FileDetailViewControllerTests.swift; sourceTree = "<group>"; };
		B8FBAF0822A14689002439A1 /* FileDetailInteractorTests.swift */ = {isa = PBXFileReference; lastKnownFileType = sourcecode.swift; path = FileDetailInteractorTests.swift; sourceTree = "<group>"; };
		B8FBAF0922A14689002439A1 /* FileDetailWorkerTests.swift */ = {isa = PBXFileReference; lastKnownFileType = sourcecode.swift; path = FileDetailWorkerTests.swift; sourceTree = "<group>"; };
		B8FBAF0A22A14689002439A1 /* FileDetailPresenterTests.swift */ = {isa = PBXFileReference; lastKnownFileType = sourcecode.swift; path = FileDetailPresenterTests.swift; sourceTree = "<group>"; };
		B8FBAF0F22A15B60002439A1 /* CSVReaderUITests-Bridging-Header.h */ = {isa = PBXFileReference; lastKnownFileType = sourcecode.c.h; path = "CSVReaderUITests-Bridging-Header.h"; sourceTree = "<group>"; };
		B8FBAF1322A15C94002439A1 /* Robot.swift */ = {isa = PBXFileReference; fileEncoding = 4; lastKnownFileType = sourcecode.swift; path = Robot.swift; sourceTree = "<group>"; };
		B8FBAF1422A15C94002439A1 /* XCTest+KIFTestActor.swift */ = {isa = PBXFileReference; fileEncoding = 4; lastKnownFileType = sourcecode.swift; path = "XCTest+KIFTestActor.swift"; sourceTree = "<group>"; };
		B8FBAF1A22A15E87002439A1 /* FileListViewControllerUITests.swift */ = {isa = PBXFileReference; lastKnownFileType = sourcecode.swift; path = FileListViewControllerUITests.swift; sourceTree = "<group>"; };
		B8FBAF1C22A15EA8002439A1 /* FileDetailViewControllerUITests.swift */ = {isa = PBXFileReference; lastKnownFileType = sourcecode.swift; path = FileDetailViewControllerUITests.swift; sourceTree = "<group>"; };
		B8FBAF1E22A176CC002439A1 /* XCTestCaseExtensions.swift */ = {isa = PBXFileReference; fileEncoding = 4; lastKnownFileType = sourcecode.swift; path = XCTestCaseExtensions.swift; sourceTree = "<group>"; };
		C5B4551F0E4D7CE70BF3009E /* Pods-CSVReaderUITests.debug_stage.xcconfig */ = {isa = PBXFileReference; includeInIndex = 1; lastKnownFileType = text.xcconfig; name = "Pods-CSVReaderUITests.debug_stage.xcconfig"; path = "Target Support Files/Pods-CSVReaderUITests/Pods-CSVReaderUITests.debug_stage.xcconfig"; sourceTree = "<group>"; };
		CEE8899496BDFE14A847BD93 /* Pods-CSVReader.release_stage.xcconfig */ = {isa = PBXFileReference; includeInIndex = 1; lastKnownFileType = text.xcconfig; name = "Pods-CSVReader.release_stage.xcconfig"; path = "Target Support Files/Pods-CSVReader/Pods-CSVReader.release_stage.xcconfig"; sourceTree = "<group>"; };
		E9FBD7A1362B6EBDB8041505 /* Pods-CSVReaderTests.debug_stage.xcconfig */ = {isa = PBXFileReference; includeInIndex = 1; lastKnownFileType = text.xcconfig; name = "Pods-CSVReaderTests.debug_stage.xcconfig"; path = "Target Support Files/Pods-CSVReaderTests/Pods-CSVReaderTests.debug_stage.xcconfig"; sourceTree = "<group>"; };
		ED7FA76EA816E08FBF28D1BB /* Pods_CSVReaderUITests.framework */ = {isa = PBXFileReference; explicitFileType = wrapper.framework; includeInIndex = 0; path = Pods_CSVReaderUITests.framework; sourceTree = BUILT_PRODUCTS_DIR; };
		F82188BF129C8F7AD7A7BB87 /* Pods_CSVReader.framework */ = {isa = PBXFileReference; explicitFileType = wrapper.framework; includeInIndex = 0; path = Pods_CSVReader.framework; sourceTree = BUILT_PRODUCTS_DIR; };
/* End PBXFileReference section */

/* Begin PBXFrameworksBuildPhase section */
		B8FBAE48229ED742002439A1 /* Frameworks */ = {
			isa = PBXFrameworksBuildPhase;
			buildActionMask = 2147483647;
			files = (
				B257CA0000057A287BF8926A /* Pods_CSVReader.framework in Frameworks */,
			);
			runOnlyForDeploymentPostprocessing = 0;
		};
		B8FBAE5C229ED744002439A1 /* Frameworks */ = {
			isa = PBXFrameworksBuildPhase;
			buildActionMask = 2147483647;
			files = (
				30B3AB0A6E9BFE79611CD665 /* Pods_CSVReaderTests.framework in Frameworks */,
			);
			runOnlyForDeploymentPostprocessing = 0;
		};
		B8FBAE6F229ED80A002439A1 /* Frameworks */ = {
			isa = PBXFrameworksBuildPhase;
			buildActionMask = 2147483647;
			files = (
				29044E35915653CF7F40F0F4 /* Pods_CSVReaderUITests.framework in Frameworks */,
				B8FBAE8A229EE9BF002439A1 /* KIF.framework in Frameworks */,
			);
			runOnlyForDeploymentPostprocessing = 0;
		};
/* End PBXFrameworksBuildPhase section */

/* Begin PBXGroup section */
		B80472D722A18E0000452566 /* Core */ = {
			isa = PBXGroup;
			children = (
				B80472D822A18E2900452566 /* LoadFileListWorkerTests.swift */,
			);
			path = Core;
			sourceTree = "<group>";
		};
		B8FBAE42229ED742002439A1 = {
			isa = PBXGroup;
			children = (
				B8FBAE4D229ED742002439A1 /* CSVReader */,
				B8FBAE62229ED744002439A1 /* CSVReaderTests */,
				B8FBAE73229ED80A002439A1 /* CSVReaderUITests */,
				B8FBAE4C229ED742002439A1 /* Products */,
				C8AE5DB0BCA28D1BD3CC5210 /* Pods */,
				C827E5ED54248DB80BAE96F3 /* Frameworks */,
			);
			sourceTree = "<group>";
		};
		B8FBAE4C229ED742002439A1 /* Products */ = {
			isa = PBXGroup;
			children = (
				B8FBAE4B229ED742002439A1 /* SimpleReader.app */,
				B8FBAE5F229ED744002439A1 /* CSVReaderTests.xctest */,
				B8FBAE72229ED80A002439A1 /* CSVReaderUITests.xctest */,
			);
			name = Products;
			sourceTree = "<group>";
		};
		B8FBAE4D229ED742002439A1 /* CSVReader */ = {
			isa = PBXGroup;
			children = (
				B8FBAE84229EDA68002439A1 /* Infrastructure */,
				B8FBAEAB229F0F25002439A1 /* Core */,
				B8FBAE85229EDA74002439A1 /* Interface */,
			);
			path = CSVReader;
			sourceTree = "<group>";
		};
		B8FBAE62229ED744002439A1 /* CSVReaderTests */ = {
			isa = PBXGroup;
			children = (
				B80472D722A18E0000452566 /* Core */,
				B8FBAEF422A1447C002439A1 /* Scenes */,
				B8FBAEF222A143E2002439A1 /* Fixtures */,
				B8FBAEF322A1446B002439A1 /* Supporting Files */,
			);
			path = CSVReaderTests;
			sourceTree = "<group>";
		};
		B8FBAE73229ED80A002439A1 /* CSVReaderUITests */ = {
			isa = PBXGroup;
			children = (
				B8FBAF1722A15E41002439A1 /* Scenes */,
				B8FBAF1222A15C7F002439A1 /* Common */,
				B8FBAEF722A14507002439A1 /* Supporting Files */,
			);
			path = CSVReaderUITests;
			sourceTree = "<group>";
		};
		B8FBAE84229EDA68002439A1 /* Infrastructure */ = {
			isa = PBXGroup;
			children = (
				B8FBAE4E229ED742002439A1 /* AppDelegate.swift */,
				B8FBAEDB229FF718002439A1 /* App Config */,
				B8FBAE87229EDAA8002439A1 /* Supporting Files */,
				B8FBAEAF229F11F7002439A1 /* Extensions */,
				B8FBAEC0229F1672002439A1 /* Utils */,
				B8FBAECF229FE6B7002439A1 /* Documents */,
			);
			path = Infrastructure;
			sourceTree = "<group>";
		};
		B8FBAE85229EDA74002439A1 /* Interface */ = {
			isa = PBXGroup;
			children = (
				B8FBAEC8229F198E002439A1 /* Common */,
				B8FBAE86229EDA87002439A1 /* Scenes */,
			);
			path = Interface;
			sourceTree = "<group>";
		};
		B8FBAE86229EDA87002439A1 /* Scenes */ = {
			isa = PBXGroup;
			children = (
				B8FBAE99229EFA07002439A1 /* List */,
				B8FBAE9B229EFA42002439A1 /* Detail */,
			);
			path = Scenes;
			sourceTree = "<group>";
		};
		B8FBAE87229EDAA8002439A1 /* Supporting Files */ = {
			isa = PBXGroup;
			children = (
				B8FBAEB7229F14A4002439A1 /* Fonts */,
				B8FBAE55229ED744002439A1 /* Assets.xcassets */,
				B8FBAE57229ED744002439A1 /* LaunchScreen.storyboard */,
				B8FBAE5A229ED744002439A1 /* Info.plist */,
			);
			path = "Supporting Files";
			sourceTree = "<group>";
		};
		B8FBAE99229EFA07002439A1 /* List */ = {
			isa = PBXGroup;
			children = (
				B8FBAE9A229EFA15002439A1 /* View */,
				B8FBAE8F229EFA02002439A1 /* FileListViewController.swift */,
				B8FBAE90229EFA02002439A1 /* FileListInteractor.swift */,
				B8FBAE8C229EFA02002439A1 /* FileListWorker.swift */,
				B8FBAE8B229EFA02002439A1 /* FileListPresenter.swift */,
				B8FBAE8D229EFA02002439A1 /* FileListRouter.swift */,
				B8FBAE8E229EFA02002439A1 /* FileListModels.swift */,
			);
			path = List;
			sourceTree = "<group>";
		};
		B8FBAE9A229EFA15002439A1 /* View */ = {
			isa = PBXGroup;
			children = (
				B8FBAE91229EFA02002439A1 /* FileListView.swift */,
				B8FBAECB229F1A66002439A1 /* FileListTableViewCell.swift */,
			);
			path = View;
			sourceTree = "<group>";
		};
		B8FBAE9B229EFA42002439A1 /* Detail */ = {
			isa = PBXGroup;
			children = (
				B8FBAEAA229EFA69002439A1 /* View */,
				B8FBAEA0229EFA65002439A1 /* FileDetailViewController.swift */,
				B8FBAEA1229EFA65002439A1 /* FileDetailInteractor.swift */,
				B8FBAE9D229EFA65002439A1 /* FileDetailWorker.swift */,
				B8FBAE9C229EFA65002439A1 /* FileDetailPresenter.swift */,
				B8FBAE9E229EFA65002439A1 /* FileDetailRouter.swift */,
				B8FBAE9F229EFA65002439A1 /* FileDetailModels.swift */,
			);
			path = Detail;
			sourceTree = "<group>";
		};
		B8FBAEAA229EFA69002439A1 /* View */ = {
			isa = PBXGroup;
			children = (
				B8FBAEA2229EFA65002439A1 /* FileDetailView.swift */,
				B8FBAECD229F1E12002439A1 /* FileDetailTableViewCell.swift */,
				B8FBAEED22A043F2002439A1 /* FileDetailHeaderFooterView.swift */,
			);
			path = View;
			sourceTree = "<group>";
		};
		B8FBAEAB229F0F25002439A1 /* Core */ = {
			isa = PBXGroup;
			children = (
				B8FBAEE022A01394002439A1 /* Model */,
				B8FBAEAC229F0F2C002439A1 /* Workers */,
			);
			path = Core;
			sourceTree = "<group>";
		};
		B8FBAEAC229F0F2C002439A1 /* Workers */ = {
			isa = PBXGroup;
			children = (
				B8FBAEAD229F0F71002439A1 /* LoadFileListWorker.swift */,
				B8FBAEDE22A0053C002439A1 /* LoadFileDataWorker.swift */,
			);
			path = Workers;
			sourceTree = "<group>";
		};
		B8FBAEAF229F11F7002439A1 /* Extensions */ = {
			isa = PBXGroup;
			children = (
				B8FBAEB2229F12D0002439A1 /* Color.swift */,
				B8FBAEB4229F13E8002439A1 /* Font.swift */,
				B8FBAEBC229F1604002439A1 /* UIView.swift */,
				B8FBAEBE229F1634002439A1 /* Collection.swift */,
				B8FBAEE522A02435002439A1 /* AppImages.swift */,
				B8FBAEE922A0399E002439A1 /* String.swift */,
				B8FBAEEB22A03BD5002439A1 /* Date.swift */,
			);
			path = Extensions;
			sourceTree = "<group>";
		};
		B8FBAEB7229F14A4002439A1 /* Fonts */ = {
			isa = PBXGroup;
			children = (
				B8FBAEB9229F14F1002439A1 /* SFProText-Bold.otf */,
				B8FBAEB8229F14F1002439A1 /* SFProText-Regular.otf */,
			);
			path = Fonts;
			sourceTree = "<group>";
		};
		B8FBAEC0229F1672002439A1 /* Utils */ = {
			isa = PBXGroup;
			children = (
				B8FBAEC2229F1695002439A1 /* Identifiers.swift */,
				B8FBAEC4229F16E1002439A1 /* DebugLog.swift */,
				B8FBAEC6229F16F2002439A1 /* Screen.swift */,
			);
			path = Utils;
			sourceTree = "<group>";
		};
		B8FBAEC8229F198E002439A1 /* Common */ = {
			isa = PBXGroup;
			children = (
				B8FBAEC9229F199E002439A1 /* GenericViewController.swift */,
			);
			path = Common;
			sourceTree = "<group>";
		};
		B8FBAECF229FE6B7002439A1 /* Documents */ = {
			isa = PBXGroup;
			children = (
				B8FBAEE322A02070002439A1 /* Production.bundle */,
				B8FBAED7229FF332002439A1 /* Stage.bundle */,
			);
			path = Documents;
			sourceTree = "<group>";
		};
		B8FBAEDB229FF718002439A1 /* App Config */ = {
			isa = PBXGroup;
			children = (
				B8FBAEDC229FF72E002439A1 /* AppConfig.swift */,
			);
			path = "App Config";
			sourceTree = "<group>";
		};
		B8FBAEE022A01394002439A1 /* Model */ = {
			isa = PBXGroup;
			children = (
				B8FBAEE122A013A0002439A1 /* Issue.swift */,
				B8FBAEE722A02642002439A1 /* File.swift */,
			);
			path = Model;
			sourceTree = "<group>";
		};
		B8FBAEF222A143E2002439A1 /* Fixtures */ = {
			isa = PBXGroup;
			children = (
				B8FBAF1E22A176CC002439A1 /* XCTestCaseExtensions.swift */,
				B8FBAEF022A047D1002439A1 /* Test.bundle */,
			);
			path = Fixtures;
			sourceTree = "<group>";
		};
		B8FBAEF322A1446B002439A1 /* Supporting Files */ = {
			isa = PBXGroup;
			children = (
				B8FBAE65229ED744002439A1 /* Info.plist */,
			);
			path = "Supporting Files";
			sourceTree = "<group>";
		};
		B8FBAEF422A1447C002439A1 /* Scenes */ = {
			isa = PBXGroup;
			children = (
				B8FBAEF522A14486002439A1 /* List */,
				B8FBAEF622A1448B002439A1 /* Detail */,
			);
			path = Scenes;
			sourceTree = "<group>";
		};
		B8FBAEF522A14486002439A1 /* List */ = {
			isa = PBXGroup;
			children = (
				B8FBAEF822A14554002439A1 /* Mocks */,
				B8FBAEFF22A14660002439A1 /* FileListViewControllerTests.swift */,
				B8FBAF0022A14660002439A1 /* FileListInteractorTests.swift */,
				B8FBAF0122A14660002439A1 /* FileListWorkerTests.swift */,
				B8FBAF0222A14660002439A1 /* FileListPresenterTests.swift */,
			);
			path = List;
			sourceTree = "<group>";
		};
		B8FBAEF622A1448B002439A1 /* Detail */ = {
			isa = PBXGroup;
			children = (
				B8FBAEFC22A145F7002439A1 /* Mocks */,
				B8FBAF0722A14689002439A1 /* FileDetailViewControllerTests.swift */,
				B8FBAF0822A14689002439A1 /* FileDetailInteractorTests.swift */,
				B8FBAF0922A14689002439A1 /* FileDetailWorkerTests.swift */,
				B8FBAF0A22A14689002439A1 /* FileDetailPresenterTests.swift */,
			);
			path = Detail;
			sourceTree = "<group>";
		};
		B8FBAEF722A14507002439A1 /* Supporting Files */ = {
			isa = PBXGroup;
			children = (
				B8FBAF0F22A15B60002439A1 /* CSVReaderUITests-Bridging-Header.h */,
				B8FBAE76229ED80A002439A1 /* Info.plist */,
			);
			path = "Supporting Files";
			sourceTree = "<group>";
		};
		B8FBAEF822A14554002439A1 /* Mocks */ = {
			isa = PBXGroup;
			children = (
				B8FBAEF922A1457F002439A1 /* FileListMocks.swift */,
			);
			path = Mocks;
			sourceTree = "<group>";
		};
		B8FBAEFC22A145F7002439A1 /* Mocks */ = {
			isa = PBXGroup;
			children = (
				B8FBAEFD22A14617002439A1 /* FileDetailMocks.swift */,
			);
			path = Mocks;
			sourceTree = "<group>";
		};
		B8FBAF1222A15C7F002439A1 /* Common */ = {
			isa = PBXGroup;
			children = (
				B8FBAF1322A15C94002439A1 /* Robot.swift */,
				B8FBAF1422A15C94002439A1 /* XCTest+KIFTestActor.swift */,
			);
			path = Common;
			sourceTree = "<group>";
		};
		B8FBAF1722A15E41002439A1 /* Scenes */ = {
			isa = PBXGroup;
			children = (
				B8FBAF1822A15E4A002439A1 /* List */,
				B8FBAF1922A15E52002439A1 /* Detail */,
			);
			path = Scenes;
			sourceTree = "<group>";
		};
		B8FBAF1822A15E4A002439A1 /* List */ = {
			isa = PBXGroup;
			children = (
				B8FBAF1A22A15E87002439A1 /* FileListViewControllerUITests.swift */,
			);
			path = List;
			sourceTree = "<group>";
		};
		B8FBAF1922A15E52002439A1 /* Detail */ = {
			isa = PBXGroup;
			children = (
				B8FBAF1C22A15EA8002439A1 /* FileDetailViewControllerUITests.swift */,
			);
			path = Detail;
			sourceTree = "<group>";
		};
		C827E5ED54248DB80BAE96F3 /* Frameworks */ = {
			isa = PBXGroup;
			children = (
				B8FBAE89229EE9BF002439A1 /* KIF.framework */,
				F82188BF129C8F7AD7A7BB87 /* Pods_CSVReader.framework */,
				B7553B79DC694E9B91E81B53 /* Pods_CSVReaderTests.framework */,
				ED7FA76EA816E08FBF28D1BB /* Pods_CSVReaderUITests.framework */,
			);
			name = Frameworks;
			sourceTree = "<group>";
		};
		C8AE5DB0BCA28D1BD3CC5210 /* Pods */ = {
			isa = PBXGroup;
			children = (
				361991C647E198B424440FB2 /* Pods-CSVReader.debug_stage.xcconfig */,
				AF5D798368BD1F188B7E4A35 /* Pods-CSVReader.debug_prod.xcconfig */,
				CEE8899496BDFE14A847BD93 /* Pods-CSVReader.release_stage.xcconfig */,
				220A1168761A50225C7D78AA /* Pods-CSVReader.release_prod.xcconfig */,
				E9FBD7A1362B6EBDB8041505 /* Pods-CSVReaderTests.debug_stage.xcconfig */,
				14350D3E4704F6ED2734AEE6 /* Pods-CSVReaderTests.debug_prod.xcconfig */,
				29CD53B788B44D6AF38A2D26 /* Pods-CSVReaderTests.release_stage.xcconfig */,
				05D5B046434063E4A197E224 /* Pods-CSVReaderTests.release_prod.xcconfig */,
				C5B4551F0E4D7CE70BF3009E /* Pods-CSVReaderUITests.debug_stage.xcconfig */,
				2799672ED81DFA7ED38C1D93 /* Pods-CSVReaderUITests.debug_prod.xcconfig */,
				7928D3531B98A1B073952F4C /* Pods-CSVReaderUITests.release_stage.xcconfig */,
				40CACA7DEB81EFCE1152B245 /* Pods-CSVReaderUITests.release_prod.xcconfig */,
			);
			path = Pods;
			sourceTree = "<group>";
		};
/* End PBXGroup section */

/* Begin PBXNativeTarget section */
		B8FBAE4A229ED742002439A1 /* CSVReader */ = {
			isa = PBXNativeTarget;
			buildConfigurationList = B8FBAE68229ED744002439A1 /* Build configuration list for PBXNativeTarget "CSVReader" */;
			buildPhases = (
				3219A99E3E74EB976F2065C9 /* [CP] Check Pods Manifest.lock */,
				B8FBAE47229ED742002439A1 /* Sources */,
				B8FBAE48229ED742002439A1 /* Frameworks */,
				B8FBAE49229ED742002439A1 /* Resources */,
				B8FBAE88229EE305002439A1 /* SwiftLint */,
			);
			buildRules = (
			);
			dependencies = (
			);
			name = CSVReader;
			productName = CSVReader;
			productReference = B8FBAE4B229ED742002439A1 /* SimpleReader.app */;
			productType = "com.apple.product-type.application";
		};
		B8FBAE5E229ED744002439A1 /* CSVReaderTests */ = {
			isa = PBXNativeTarget;
			buildConfigurationList = B8FBAE6B229ED744002439A1 /* Build configuration list for PBXNativeTarget "CSVReaderTests" */;
			buildPhases = (
				F95517352F6160924166A7BC /* [CP] Check Pods Manifest.lock */,
				B8FBAE5B229ED744002439A1 /* Sources */,
				B8FBAE5C229ED744002439A1 /* Frameworks */,
				B8FBAE5D229ED744002439A1 /* Resources */,
			);
			buildRules = (
			);
			dependencies = (
				B8FBAE61229ED744002439A1 /* PBXTargetDependency */,
			);
			name = CSVReaderTests;
			productName = CSVReaderTests;
			productReference = B8FBAE5F229ED744002439A1 /* CSVReaderTests.xctest */;
			productType = "com.apple.product-type.bundle.unit-test";
		};
		B8FBAE71229ED80A002439A1 /* CSVReaderUITests */ = {
			isa = PBXNativeTarget;
			buildConfigurationList = B8FBAE79229ED80A002439A1 /* Build configuration list for PBXNativeTarget "CSVReaderUITests" */;
			buildPhases = (
				2C44D5E0722DD0333438653A /* [CP] Check Pods Manifest.lock */,
				B8FBAE6E229ED80A002439A1 /* Sources */,
				B8FBAE6F229ED80A002439A1 /* Frameworks */,
				B8FBAE70229ED80A002439A1 /* Resources */,
				3E9EFB9B3DB1ACF9246BFF0C /* [CP] Embed Pods Frameworks */,
			);
			buildRules = (
			);
			dependencies = (
				B8FBAE78229ED80A002439A1 /* PBXTargetDependency */,
			);
			name = CSVReaderUITests;
			productName = CSVReaderUITests;
			productReference = B8FBAE72229ED80A002439A1 /* CSVReaderUITests.xctest */;
			productType = "com.apple.product-type.bundle.unit-test";
		};
/* End PBXNativeTarget section */

/* Begin PBXProject section */
		B8FBAE43229ED742002439A1 /* Project object */ = {
			isa = PBXProject;
			attributes = {
				LastSwiftUpdateCheck = 1020;
				LastUpgradeCheck = 1020;
				ORGANIZATIONNAME = MG;
				TargetAttributes = {
					B8FBAE4A229ED742002439A1 = {
						CreatedOnToolsVersion = 10.2.1;
					};
					B8FBAE5E229ED744002439A1 = {
						CreatedOnToolsVersion = 10.2.1;
						TestTargetID = B8FBAE4A229ED742002439A1;
					};
					B8FBAE71229ED80A002439A1 = {
						CreatedOnToolsVersion = 10.2.1;
						LastSwiftMigration = 1020;
						TestTargetID = B8FBAE4A229ED742002439A1;
					};
				};
			};
			buildConfigurationList = B8FBAE46229ED742002439A1 /* Build configuration list for PBXProject "CSVReader" */;
			compatibilityVersion = "Xcode 9.3";
			developmentRegion = en;
			hasScannedForEncodings = 0;
			knownRegions = (
				en,
				Base,
			);
			mainGroup = B8FBAE42229ED742002439A1;
			productRefGroup = B8FBAE4C229ED742002439A1 /* Products */;
			projectDirPath = "";
			projectRoot = "";
			targets = (
				B8FBAE4A229ED742002439A1 /* CSVReader */,
				B8FBAE5E229ED744002439A1 /* CSVReaderTests */,
				B8FBAE71229ED80A002439A1 /* CSVReaderUITests */,
			);
		};
/* End PBXProject section */

/* Begin PBXResourcesBuildPhase section */
		B8FBAE49229ED742002439A1 /* Resources */ = {
			isa = PBXResourcesBuildPhase;
			buildActionMask = 2147483647;
			files = (
				B8FBAE59229ED744002439A1 /* LaunchScreen.storyboard in Resources */,
				B8FBAEBA229F14F1002439A1 /* SFProText-Regular.otf in Resources */,
				B8FBAEBB229F14F1002439A1 /* SFProText-Bold.otf in Resources */,
				B8FBAED8229FF332002439A1 /* Stage.bundle in Resources */,
				B8FBAEE422A02070002439A1 /* Production.bundle in Resources */,
				B8FBAE56229ED744002439A1 /* Assets.xcassets in Resources */,
			);
			runOnlyForDeploymentPostprocessing = 0;
		};
		B8FBAE5D229ED744002439A1 /* Resources */ = {
			isa = PBXResourcesBuildPhase;
			buildActionMask = 2147483647;
			files = (
				B8FBAEFB22A1458B002439A1 /* Test.bundle in Resources */,
			);
			runOnlyForDeploymentPostprocessing = 0;
		};
		B8FBAE70229ED80A002439A1 /* Resources */ = {
			isa = PBXResourcesBuildPhase;
			buildActionMask = 2147483647;
			files = (
			);
			runOnlyForDeploymentPostprocessing = 0;
		};
/* End PBXResourcesBuildPhase section */

/* Begin PBXShellScriptBuildPhase section */
		2C44D5E0722DD0333438653A /* [CP] Check Pods Manifest.lock */ = {
			isa = PBXShellScriptBuildPhase;
			buildActionMask = 2147483647;
			files = (
			);
			inputFileListPaths = (
			);
			inputPaths = (
				"${PODS_PODFILE_DIR_PATH}/Podfile.lock",
				"${PODS_ROOT}/Manifest.lock",
			);
			name = "[CP] Check Pods Manifest.lock";
			outputFileListPaths = (
			);
			outputPaths = (
				"$(DERIVED_FILE_DIR)/Pods-CSVReaderUITests-checkManifestLockResult.txt",
			);
			runOnlyForDeploymentPostprocessing = 0;
			shellPath = /bin/sh;
			shellScript = "diff \"${PODS_PODFILE_DIR_PATH}/Podfile.lock\" \"${PODS_ROOT}/Manifest.lock\" > /dev/null\nif [ $? != 0 ] ; then\n    # print error to STDERR\n    echo \"error: The sandbox is not in sync with the Podfile.lock. Run 'pod install' or update your CocoaPods installation.\" >&2\n    exit 1\nfi\n# This output is used by Xcode 'outputs' to avoid re-running this script phase.\necho \"SUCCESS\" > \"${SCRIPT_OUTPUT_FILE_0}\"\n";
			showEnvVarsInLog = 0;
		};
		3219A99E3E74EB976F2065C9 /* [CP] Check Pods Manifest.lock */ = {
			isa = PBXShellScriptBuildPhase;
			buildActionMask = 2147483647;
			files = (
			);
			inputFileListPaths = (
			);
			inputPaths = (
				"${PODS_PODFILE_DIR_PATH}/Podfile.lock",
				"${PODS_ROOT}/Manifest.lock",
			);
			name = "[CP] Check Pods Manifest.lock";
			outputFileListPaths = (
			);
			outputPaths = (
				"$(DERIVED_FILE_DIR)/Pods-CSVReader-checkManifestLockResult.txt",
			);
			runOnlyForDeploymentPostprocessing = 0;
			shellPath = /bin/sh;
			shellScript = "diff \"${PODS_PODFILE_DIR_PATH}/Podfile.lock\" \"${PODS_ROOT}/Manifest.lock\" > /dev/null\nif [ $? != 0 ] ; then\n    # print error to STDERR\n    echo \"error: The sandbox is not in sync with the Podfile.lock. Run 'pod install' or update your CocoaPods installation.\" >&2\n    exit 1\nfi\n# This output is used by Xcode 'outputs' to avoid re-running this script phase.\necho \"SUCCESS\" > \"${SCRIPT_OUTPUT_FILE_0}\"\n";
			showEnvVarsInLog = 0;
		};
		3E9EFB9B3DB1ACF9246BFF0C /* [CP] Embed Pods Frameworks */ = {
			isa = PBXShellScriptBuildPhase;
			buildActionMask = 2147483647;
			files = (
			);
			inputFileListPaths = (
			);
			inputPaths = (
				"${PODS_ROOT}/Target Support Files/Pods-CSVReaderUITests/Pods-CSVReaderUITests-frameworks.sh",
				"${BUILT_PRODUCTS_DIR}/KIF/KIF.framework",
			);
			name = "[CP] Embed Pods Frameworks";
			outputFileListPaths = (
			);
			outputPaths = (
				"${TARGET_BUILD_DIR}/${FRAMEWORKS_FOLDER_PATH}/KIF.framework",
			);
			runOnlyForDeploymentPostprocessing = 0;
			shellPath = /bin/sh;
			shellScript = "\"${PODS_ROOT}/Target Support Files/Pods-CSVReaderUITests/Pods-CSVReaderUITests-frameworks.sh\"\n";
			showEnvVarsInLog = 0;
		};
		B8FBAE88229EE305002439A1 /* SwiftLint */ = {
			isa = PBXShellScriptBuildPhase;
			buildActionMask = 2147483647;
			files = (
			);
			inputFileListPaths = (
			);
			inputPaths = (
			);
			name = SwiftLint;
			outputFileListPaths = (
			);
			outputPaths = (
			);
			runOnlyForDeploymentPostprocessing = 0;
			shellPath = /bin/sh;
			shellScript = "\"${PODS_ROOT}/SwiftLint/swiftlint\"\n";
		};
		F95517352F6160924166A7BC /* [CP] Check Pods Manifest.lock */ = {
			isa = PBXShellScriptBuildPhase;
			buildActionMask = 2147483647;
			files = (
			);
			inputFileListPaths = (
			);
			inputPaths = (
				"${PODS_PODFILE_DIR_PATH}/Podfile.lock",
				"${PODS_ROOT}/Manifest.lock",
			);
			name = "[CP] Check Pods Manifest.lock";
			outputFileListPaths = (
			);
			outputPaths = (
				"$(DERIVED_FILE_DIR)/Pods-CSVReaderTests-checkManifestLockResult.txt",
			);
			runOnlyForDeploymentPostprocessing = 0;
			shellPath = /bin/sh;
			shellScript = "diff \"${PODS_PODFILE_DIR_PATH}/Podfile.lock\" \"${PODS_ROOT}/Manifest.lock\" > /dev/null\nif [ $? != 0 ] ; then\n    # print error to STDERR\n    echo \"error: The sandbox is not in sync with the Podfile.lock. Run 'pod install' or update your CocoaPods installation.\" >&2\n    exit 1\nfi\n# This output is used by Xcode 'outputs' to avoid re-running this script phase.\necho \"SUCCESS\" > \"${SCRIPT_OUTPUT_FILE_0}\"\n";
			showEnvVarsInLog = 0;
		};
/* End PBXShellScriptBuildPhase section */

/* Begin PBXSourcesBuildPhase section */
		B8FBAE47229ED742002439A1 /* Sources */ = {
			isa = PBXSourcesBuildPhase;
			buildActionMask = 2147483647;
			files = (
				B8FBAEBD229F1604002439A1 /* UIView.swift in Sources */,
				B8FBAEDF22A0053C002439A1 /* LoadFileDataWorker.swift in Sources */,
				B8FBAE94229EFA02002439A1 /* FileListRouter.swift in Sources */,
				B8FBAECA229F199E002439A1 /* GenericViewController.swift in Sources */,
				B8FBAE93229EFA02002439A1 /* FileListWorker.swift in Sources */,
				B8FBAEE222A013A0002439A1 /* Issue.swift in Sources */,
				B8FBAE97229EFA02002439A1 /* FileListInteractor.swift in Sources */,
				B8FBAE96229EFA02002439A1 /* FileListViewController.swift in Sources */,
				B8FBAEE822A02642002439A1 /* File.swift in Sources */,
				B8FBAEB5229F13E8002439A1 /* Font.swift in Sources */,
				B8FBAECC229F1A66002439A1 /* FileListTableViewCell.swift in Sources */,
				B8FBAEA9229EFA65002439A1 /* FileDetailView.swift in Sources */,
				B8FBAEA6229EFA65002439A1 /* FileDetailModels.swift in Sources */,
				B8FBAE98229EFA02002439A1 /* FileListView.swift in Sources */,
				B8FBAEE622A02435002439A1 /* AppImages.swift in Sources */,
				B8FBAE92229EFA02002439A1 /* FileListPresenter.swift in Sources */,
				B8FBAEC3229F1695002439A1 /* Identifiers.swift in Sources */,
				B8FBAEA4229EFA65002439A1 /* FileDetailWorker.swift in Sources */,
				B8FBAECE229F1E12002439A1 /* FileDetailTableViewCell.swift in Sources */,
				B8FBAEEC22A03BD5002439A1 /* Date.swift in Sources */,
				B8FBAEBF229F1634002439A1 /* Collection.swift in Sources */,
				B8FBAEDD229FF72E002439A1 /* AppConfig.swift in Sources */,
				B8FBAEAE229F0F71002439A1 /* LoadFileListWorker.swift in Sources */,
				B8FBAEA7229EFA65002439A1 /* FileDetailViewController.swift in Sources */,
				B8FBAEA8229EFA65002439A1 /* FileDetailInteractor.swift in Sources */,
				B8FBAEA3229EFA65002439A1 /* FileDetailPresenter.swift in Sources */,
				B8FBAE4F229ED742002439A1 /* AppDelegate.swift in Sources */,
				B8FBAEA5229EFA65002439A1 /* FileDetailRouter.swift in Sources */,
				B8FBAE95229EFA02002439A1 /* FileListModels.swift in Sources */,
				B8FBAEB3229F12D0002439A1 /* Color.swift in Sources */,
				B8FBAEEE22A043F2002439A1 /* FileDetailHeaderFooterView.swift in Sources */,
				B8FBAEC5229F16E1002439A1 /* DebugLog.swift in Sources */,
				B8FBAEEA22A0399E002439A1 /* String.swift in Sources */,
				B8FBAEC7229F16F2002439A1 /* Screen.swift in Sources */,
			);
			runOnlyForDeploymentPostprocessing = 0;
		};
		B8FBAE5B229ED744002439A1 /* Sources */ = {
			isa = PBXSourcesBuildPhase;
			buildActionMask = 2147483647;
			files = (
				B8FBAF0622A14660002439A1 /* FileListPresenterTests.swift in Sources */,
				B80472D922A18E2900452566 /* LoadFileListWorkerTests.swift in Sources */,
				B8FBAF0C22A14689002439A1 /* FileDetailInteractorTests.swift in Sources */,
				B8FBAEFE22A14617002439A1 /* FileDetailMocks.swift in Sources */,
				B8FBAF0B22A14689002439A1 /* FileDetailViewControllerTests.swift in Sources */,
				B8FBAF0322A14660002439A1 /* FileListViewControllerTests.swift in Sources */,
				B8FBAF0E22A14689002439A1 /* FileDetailPresenterTests.swift in Sources */,
				B8FBAF0D22A14689002439A1 /* FileDetailWorkerTests.swift in Sources */,
				B8FBAF1F22A176CC002439A1 /* XCTestCaseExtensions.swift in Sources */,
				B8FBAF0422A14660002439A1 /* FileListInteractorTests.swift in Sources */,
				B8FBAEFA22A1457F002439A1 /* FileListMocks.swift in Sources */,
				B8FBAF0522A14660002439A1 /* FileListWorkerTests.swift in Sources */,
			);
			runOnlyForDeploymentPostprocessing = 0;
		};
		B8FBAE6E229ED80A002439A1 /* Sources */ = {
			isa = PBXSourcesBuildPhase;
			buildActionMask = 2147483647;
			files = (
				B8FBAF1522A15C95002439A1 /* Robot.swift in Sources */,
				B8FBAF1D22A15EA8002439A1 /* FileDetailViewControllerUITests.swift in Sources */,
				B8FBAF1B22A15E87002439A1 /* FileListViewControllerUITests.swift in Sources */,
				B8FBAF1622A15C95002439A1 /* XCTest+KIFTestActor.swift in Sources */,
			);
			runOnlyForDeploymentPostprocessing = 0;
		};
/* End PBXSourcesBuildPhase section */

/* Begin PBXTargetDependency section */
		B8FBAE61229ED744002439A1 /* PBXTargetDependency */ = {
			isa = PBXTargetDependency;
			target = B8FBAE4A229ED742002439A1 /* CSVReader */;
			targetProxy = B8FBAE60229ED744002439A1 /* PBXContainerItemProxy */;
		};
		B8FBAE78229ED80A002439A1 /* PBXTargetDependency */ = {
			isa = PBXTargetDependency;
			target = B8FBAE4A229ED742002439A1 /* CSVReader */;
			targetProxy = B8FBAE77229ED80A002439A1 /* PBXContainerItemProxy */;
		};
/* End PBXTargetDependency section */

/* Begin PBXVariantGroup section */
		B8FBAE57229ED744002439A1 /* LaunchScreen.storyboard */ = {
			isa = PBXVariantGroup;
			children = (
				B8FBAE58229ED744002439A1 /* Base */,
			);
			name = LaunchScreen.storyboard;
			sourceTree = "<group>";
		};
/* End PBXVariantGroup section */

/* Begin XCBuildConfiguration section */
		B8FBAE66229ED744002439A1 /* Debug_STAGE */ = {
			isa = XCBuildConfiguration;
			buildSettings = {
				ALWAYS_SEARCH_USER_PATHS = NO;
				CLANG_ANALYZER_NONNULL = YES;
				CLANG_ANALYZER_NUMBER_OBJECT_CONVERSION = YES_AGGRESSIVE;
				CLANG_CXX_LANGUAGE_STANDARD = "gnu++14";
				CLANG_CXX_LIBRARY = "libc++";
				CLANG_ENABLE_MODULES = YES;
				CLANG_ENABLE_OBJC_ARC = YES;
				CLANG_ENABLE_OBJC_WEAK = YES;
				CLANG_WARN_BLOCK_CAPTURE_AUTORELEASING = YES;
				CLANG_WARN_BOOL_CONVERSION = YES;
				CLANG_WARN_COMMA = YES;
				CLANG_WARN_CONSTANT_CONVERSION = YES;
				CLANG_WARN_DEPRECATED_OBJC_IMPLEMENTATIONS = YES;
				CLANG_WARN_DIRECT_OBJC_ISA_USAGE = YES_ERROR;
				CLANG_WARN_DOCUMENTATION_COMMENTS = YES;
				CLANG_WARN_EMPTY_BODY = YES;
				CLANG_WARN_ENUM_CONVERSION = YES;
				CLANG_WARN_INFINITE_RECURSION = YES;
				CLANG_WARN_INT_CONVERSION = YES;
				CLANG_WARN_NON_LITERAL_NULL_CONVERSION = YES;
				CLANG_WARN_OBJC_IMPLICIT_RETAIN_SELF = YES;
				CLANG_WARN_OBJC_LITERAL_CONVERSION = YES;
				CLANG_WARN_OBJC_ROOT_CLASS = YES_ERROR;
				CLANG_WARN_RANGE_LOOP_ANALYSIS = YES;
				CLANG_WARN_STRICT_PROTOTYPES = YES;
				CLANG_WARN_SUSPICIOUS_MOVE = YES;
				CLANG_WARN_UNGUARDED_AVAILABILITY = YES_AGGRESSIVE;
				CLANG_WARN_UNREACHABLE_CODE = YES;
				CLANG_WARN__DUPLICATE_METHOD_MATCH = YES;
				CODE_SIGN_IDENTITY = "iPhone Developer";
				COPY_PHASE_STRIP = NO;
				DEBUG_INFORMATION_FORMAT = dwarf;
				ENABLE_STRICT_OBJC_MSGSEND = YES;
				ENABLE_TESTABILITY = YES;
				GCC_C_LANGUAGE_STANDARD = gnu11;
				GCC_DYNAMIC_NO_PIC = NO;
				GCC_NO_COMMON_BLOCKS = YES;
				GCC_OPTIMIZATION_LEVEL = 0;
				GCC_PREPROCESSOR_DEFINITIONS = (
					"DEBUG=1",
					"$(inherited)",
				);
				GCC_WARN_64_TO_32_BIT_CONVERSION = YES;
				GCC_WARN_ABOUT_RETURN_TYPE = YES_ERROR;
				GCC_WARN_UNDECLARED_SELECTOR = YES;
				GCC_WARN_UNINITIALIZED_AUTOS = YES_AGGRESSIVE;
				GCC_WARN_UNUSED_FUNCTION = YES;
				GCC_WARN_UNUSED_VARIABLE = YES;
				IPHONEOS_DEPLOYMENT_TARGET = 11.4;
				MTL_ENABLE_DEBUG_INFO = INCLUDE_SOURCE;
				MTL_FAST_MATH = YES;
				ONLY_ACTIVE_ARCH = YES;
				SDKROOT = iphoneos;
				SWIFT_ACTIVE_COMPILATION_CONDITIONS = DEBUG;
				SWIFT_OPTIMIZATION_LEVEL = "-Onone";
			};
			name = Debug_STAGE;
		};
		B8FBAE67229ED744002439A1 /* Release_STAGE */ = {
			isa = XCBuildConfiguration;
			buildSettings = {
				ALWAYS_SEARCH_USER_PATHS = NO;
				CLANG_ANALYZER_NONNULL = YES;
				CLANG_ANALYZER_NUMBER_OBJECT_CONVERSION = YES_AGGRESSIVE;
				CLANG_CXX_LANGUAGE_STANDARD = "gnu++14";
				CLANG_CXX_LIBRARY = "libc++";
				CLANG_ENABLE_MODULES = YES;
				CLANG_ENABLE_OBJC_ARC = YES;
				CLANG_ENABLE_OBJC_WEAK = YES;
				CLANG_WARN_BLOCK_CAPTURE_AUTORELEASING = YES;
				CLANG_WARN_BOOL_CONVERSION = YES;
				CLANG_WARN_COMMA = YES;
				CLANG_WARN_CONSTANT_CONVERSION = YES;
				CLANG_WARN_DEPRECATED_OBJC_IMPLEMENTATIONS = YES;
				CLANG_WARN_DIRECT_OBJC_ISA_USAGE = YES_ERROR;
				CLANG_WARN_DOCUMENTATION_COMMENTS = YES;
				CLANG_WARN_EMPTY_BODY = YES;
				CLANG_WARN_ENUM_CONVERSION = YES;
				CLANG_WARN_INFINITE_RECURSION = YES;
				CLANG_WARN_INT_CONVERSION = YES;
				CLANG_WARN_NON_LITERAL_NULL_CONVERSION = YES;
				CLANG_WARN_OBJC_IMPLICIT_RETAIN_SELF = YES;
				CLANG_WARN_OBJC_LITERAL_CONVERSION = YES;
				CLANG_WARN_OBJC_ROOT_CLASS = YES_ERROR;
				CLANG_WARN_RANGE_LOOP_ANALYSIS = YES;
				CLANG_WARN_STRICT_PROTOTYPES = YES;
				CLANG_WARN_SUSPICIOUS_MOVE = YES;
				CLANG_WARN_UNGUARDED_AVAILABILITY = YES_AGGRESSIVE;
				CLANG_WARN_UNREACHABLE_CODE = YES;
				CLANG_WARN__DUPLICATE_METHOD_MATCH = YES;
				CODE_SIGN_IDENTITY = "iPhone Developer";
				COPY_PHASE_STRIP = NO;
				DEBUG_INFORMATION_FORMAT = "dwarf-with-dsym";
				ENABLE_NS_ASSERTIONS = NO;
				ENABLE_STRICT_OBJC_MSGSEND = YES;
				GCC_C_LANGUAGE_STANDARD = gnu11;
				GCC_NO_COMMON_BLOCKS = YES;
				GCC_WARN_64_TO_32_BIT_CONVERSION = YES;
				GCC_WARN_ABOUT_RETURN_TYPE = YES_ERROR;
				GCC_WARN_UNDECLARED_SELECTOR = YES;
				GCC_WARN_UNINITIALIZED_AUTOS = YES_AGGRESSIVE;
				GCC_WARN_UNUSED_FUNCTION = YES;
				GCC_WARN_UNUSED_VARIABLE = YES;
				IPHONEOS_DEPLOYMENT_TARGET = 11.4;
				MTL_ENABLE_DEBUG_INFO = NO;
				MTL_FAST_MATH = YES;
				SDKROOT = iphoneos;
				SWIFT_COMPILATION_MODE = wholemodule;
				SWIFT_OPTIMIZATION_LEVEL = "-O";
				VALIDATE_PRODUCT = YES;
			};
			name = Release_STAGE;
		};
		B8FBAE69229ED744002439A1 /* Debug_STAGE */ = {
			isa = XCBuildConfiguration;
			baseConfigurationReference = 361991C647E198B424440FB2 /* Pods-CSVReader.debug_stage.xcconfig */;
			buildSettings = {
				ASSETCATALOG_COMPILER_APPICON_NAME = AppIcon;
				CODE_SIGN_STYLE = Automatic;
				DEVELOPMENT_TEAM = 3GYEN6EV6G;
				INFOPLIST_FILE = "CSVReader/Infrastructure/Supporting Files/Info.plist";
				LD_RUNPATH_SEARCH_PATHS = (
					"$(inherited)",
					"@executable_path/Frameworks",
				);
				OTHER_SWIFT_FLAGS = "$(inherited) -DDebug -DCONF_STAGE";
				PRODUCT_BUNDLE_IDENTIFIER = gz.dev.xdm.CSVReader;
				PRODUCT_NAME = SimpleReader;
				SWIFT_ACTIVE_COMPILATION_CONDITIONS = DEBUG;
				SWIFT_VERSION = 5.0;
				TARGETED_DEVICE_FAMILY = 1;
			};
			name = Debug_STAGE;
		};
		B8FBAE6A229ED744002439A1 /* Release_STAGE */ = {
			isa = XCBuildConfiguration;
			baseConfigurationReference = CEE8899496BDFE14A847BD93 /* Pods-CSVReader.release_stage.xcconfig */;
			buildSettings = {
				ASSETCATALOG_COMPILER_APPICON_NAME = AppIcon;
				CODE_SIGN_STYLE = Automatic;
				DEVELOPMENT_TEAM = 3GYEN6EV6G;
				INFOPLIST_FILE = "CSVReader/Infrastructure/Supporting Files/Info.plist";
				LD_RUNPATH_SEARCH_PATHS = (
					"$(inherited)",
					"@executable_path/Frameworks",
				);
				OTHER_SWIFT_FLAGS = "$(inherited) -DCONF_STAGE";
				PRODUCT_BUNDLE_IDENTIFIER = gz.dev.xdm.CSVReader;
				PRODUCT_NAME = SimpleReader;
				SWIFT_ACTIVE_COMPILATION_CONDITIONS = "";
				SWIFT_VERSION = 5.0;
				TARGETED_DEVICE_FAMILY = 1;
			};
			name = Release_STAGE;
		};
		B8FBAE6C229ED744002439A1 /* Debug_STAGE */ = {
			isa = XCBuildConfiguration;
			baseConfigurationReference = E9FBD7A1362B6EBDB8041505 /* Pods-CSVReaderTests.debug_stage.xcconfig */;
			buildSettings = {
				ALWAYS_EMBED_SWIFT_STANDARD_LIBRARIES = YES;
				BUNDLE_LOADER = "$(TEST_HOST)";
				CODE_SIGN_STYLE = Automatic;
				DEVELOPMENT_TEAM = 3GYEN6EV6G;
				INFOPLIST_FILE = "CSVReaderTests/Supporting Files/Info.plist";
				LD_RUNPATH_SEARCH_PATHS = (
					"$(inherited)",
					"@executable_path/Frameworks",
					"@loader_path/Frameworks",
				);
				PRODUCT_BUNDLE_IDENTIFIER = gz.dev.xdm.CSVReaderTests;
				PRODUCT_NAME = "$(TARGET_NAME)";
				SWIFT_VERSION = 5.0;
				TARGETED_DEVICE_FAMILY = 1;
				TEST_HOST = "$(BUILT_PRODUCTS_DIR)/SimpleReader.app/SimpleReader";
			};
			name = Debug_STAGE;
		};
		B8FBAE6D229ED744002439A1 /* Release_STAGE */ = {
			isa = XCBuildConfiguration;
			baseConfigurationReference = 29CD53B788B44D6AF38A2D26 /* Pods-CSVReaderTests.release_stage.xcconfig */;
			buildSettings = {
				ALWAYS_EMBED_SWIFT_STANDARD_LIBRARIES = YES;
				BUNDLE_LOADER = "$(TEST_HOST)";
				CODE_SIGN_STYLE = Automatic;
				DEVELOPMENT_TEAM = 3GYEN6EV6G;
				INFOPLIST_FILE = "CSVReaderTests/Supporting Files/Info.plist";
				LD_RUNPATH_SEARCH_PATHS = (
					"$(inherited)",
					"@executable_path/Frameworks",
					"@loader_path/Frameworks",
				);
				PRODUCT_BUNDLE_IDENTIFIER = gz.dev.xdm.CSVReaderTests;
				PRODUCT_NAME = "$(TARGET_NAME)";
				SWIFT_VERSION = 5.0;
				TARGETED_DEVICE_FAMILY = 1;
				TEST_HOST = "$(BUILT_PRODUCTS_DIR)/SimpleReader.app/SimpleReader";
			};
			name = Release_STAGE;
		};
		B8FBAE7A229ED80A002439A1 /* Debug_STAGE */ = {
			isa = XCBuildConfiguration;
			baseConfigurationReference = C5B4551F0E4D7CE70BF3009E /* Pods-CSVReaderUITests.debug_stage.xcconfig */;
			buildSettings = {
				BUNDLE_LOADER = "$(TEST_HOST)";
				CLANG_ENABLE_MODULES = YES;
				CODE_SIGN_STYLE = Automatic;
				DEVELOPMENT_TEAM = 3GYEN6EV6G;
				INFOPLIST_FILE = "CSVReaderUITests/Supporting Files/Info.plist";
				IPHONEOS_DEPLOYMENT_TARGET = 11.4;
				LD_RUNPATH_SEARCH_PATHS = (
					"$(inherited)",
					"@executable_path/Frameworks",
					"@loader_path/Frameworks",
				);
				OTHER_LIBTOOLFLAGS = "-ObjC";
				PRODUCT_BUNDLE_IDENTIFIER = gz.dev.xdm.CSVReaderUITests;
				PRODUCT_NAME = "$(TARGET_NAME)";
				SWIFT_OBJC_BRIDGING_HEADER = "CSVReaderUITests/Supporting Files/CSVReaderUITests-Bridging-Header.h";
				SWIFT_OPTIMIZATION_LEVEL = "-Onone";
				SWIFT_VERSION = 5.0;
				TARGETED_DEVICE_FAMILY = 1;
				TEST_HOST = "$(BUILT_PRODUCTS_DIR)/SimpleReader.app/SimpleReader";
			};
			name = Debug_STAGE;
		};
		B8FBAE7B229ED80A002439A1 /* Release_STAGE */ = {
			isa = XCBuildConfiguration;
			baseConfigurationReference = 7928D3531B98A1B073952F4C /* Pods-CSVReaderUITests.release_stage.xcconfig */;
			buildSettings = {
				BUNDLE_LOADER = "$(TEST_HOST)";
				CLANG_ENABLE_MODULES = YES;
				CODE_SIGN_STYLE = Automatic;
				DEVELOPMENT_TEAM = 3GYEN6EV6G;
				INFOPLIST_FILE = "CSVReaderUITests/Supporting Files/Info.plist";
				IPHONEOS_DEPLOYMENT_TARGET = 11.4;
				LD_RUNPATH_SEARCH_PATHS = (
					"$(inherited)",
					"@executable_path/Frameworks",
					"@loader_path/Frameworks",
				);
				OTHER_LIBTOOLFLAGS = "-ObjC";
				PRODUCT_BUNDLE_IDENTIFIER = gz.dev.xdm.CSVReaderUITests;
				PRODUCT_NAME = "$(TARGET_NAME)";
				SWIFT_OBJC_BRIDGING_HEADER = "CSVReaderUITests/Supporting Files/CSVReaderUITests-Bridging-Header.h";
				SWIFT_VERSION = 5.0;
				TARGETED_DEVICE_FAMILY = 1;
				TEST_HOST = "$(BUILT_PRODUCTS_DIR)/SimpleReader.app/SimpleReader";
			};
			name = Release_STAGE;
		};
		B8FBAE7C229ED9BC002439A1 /* Debug_PROD */ = {
			isa = XCBuildConfiguration;
			buildSettings = {
				ALWAYS_SEARCH_USER_PATHS = NO;
				CLANG_ANALYZER_NONNULL = YES;
				CLANG_ANALYZER_NUMBER_OBJECT_CONVERSION = YES_AGGRESSIVE;
				CLANG_CXX_LANGUAGE_STANDARD = "gnu++14";
				CLANG_CXX_LIBRARY = "libc++";
				CLANG_ENABLE_MODULES = YES;
				CLANG_ENABLE_OBJC_ARC = YES;
				CLANG_ENABLE_OBJC_WEAK = YES;
				CLANG_WARN_BLOCK_CAPTURE_AUTORELEASING = YES;
				CLANG_WARN_BOOL_CONVERSION = YES;
				CLANG_WARN_COMMA = YES;
				CLANG_WARN_CONSTANT_CONVERSION = YES;
				CLANG_WARN_DEPRECATED_OBJC_IMPLEMENTATIONS = YES;
				CLANG_WARN_DIRECT_OBJC_ISA_USAGE = YES_ERROR;
				CLANG_WARN_DOCUMENTATION_COMMENTS = YES;
				CLANG_WARN_EMPTY_BODY = YES;
				CLANG_WARN_ENUM_CONVERSION = YES;
				CLANG_WARN_INFINITE_RECURSION = YES;
				CLANG_WARN_INT_CONVERSION = YES;
				CLANG_WARN_NON_LITERAL_NULL_CONVERSION = YES;
				CLANG_WARN_OBJC_IMPLICIT_RETAIN_SELF = YES;
				CLANG_WARN_OBJC_LITERAL_CONVERSION = YES;
				CLANG_WARN_OBJC_ROOT_CLASS = YES_ERROR;
				CLANG_WARN_RANGE_LOOP_ANALYSIS = YES;
				CLANG_WARN_STRICT_PROTOTYPES = YES;
				CLANG_WARN_SUSPICIOUS_MOVE = YES;
				CLANG_WARN_UNGUARDED_AVAILABILITY = YES_AGGRESSIVE;
				CLANG_WARN_UNREACHABLE_CODE = YES;
				CLANG_WARN__DUPLICATE_METHOD_MATCH = YES;
				CODE_SIGN_IDENTITY = "iPhone Developer";
				COPY_PHASE_STRIP = NO;
				DEBUG_INFORMATION_FORMAT = dwarf;
				ENABLE_STRICT_OBJC_MSGSEND = YES;
				ENABLE_TESTABILITY = YES;
				GCC_C_LANGUAGE_STANDARD = gnu11;
				GCC_DYNAMIC_NO_PIC = NO;
				GCC_NO_COMMON_BLOCKS = YES;
				GCC_OPTIMIZATION_LEVEL = 0;
				GCC_PREPROCESSOR_DEFINITIONS = (
					"DEBUG=1",
					"$(inherited)",
				);
				GCC_WARN_64_TO_32_BIT_CONVERSION = YES;
				GCC_WARN_ABOUT_RETURN_TYPE = YES_ERROR;
				GCC_WARN_UNDECLARED_SELECTOR = YES;
				GCC_WARN_UNINITIALIZED_AUTOS = YES_AGGRESSIVE;
				GCC_WARN_UNUSED_FUNCTION = YES;
				GCC_WARN_UNUSED_VARIABLE = YES;
				IPHONEOS_DEPLOYMENT_TARGET = 11.4;
				MTL_ENABLE_DEBUG_INFO = INCLUDE_SOURCE;
				MTL_FAST_MATH = YES;
				ONLY_ACTIVE_ARCH = YES;
				SDKROOT = iphoneos;
				SWIFT_ACTIVE_COMPILATION_CONDITIONS = DEBUG;
				SWIFT_OPTIMIZATION_LEVEL = "-Onone";
			};
			name = Debug_PROD;
		};
		B8FBAE7D229ED9BC002439A1 /* Debug_PROD */ = {
			isa = XCBuildConfiguration;
			baseConfigurationReference = AF5D798368BD1F188B7E4A35 /* Pods-CSVReader.debug_prod.xcconfig */;
			buildSettings = {
				ASSETCATALOG_COMPILER_APPICON_NAME = AppIcon;
				CODE_SIGN_STYLE = Automatic;
				DEVELOPMENT_TEAM = 3GYEN6EV6G;
				INFOPLIST_FILE = "CSVReader/Infrastructure/Supporting Files/Info.plist";
				LD_RUNPATH_SEARCH_PATHS = (
					"$(inherited)",
					"@executable_path/Frameworks",
				);
				OTHER_SWIFT_FLAGS = "$(inherited) -DDebug -DCONF_PROD";
				PRODUCT_BUNDLE_IDENTIFIER = gz.dev.xdm.CSVReader;
				PRODUCT_NAME = SimpleReader;
				SWIFT_ACTIVE_COMPILATION_CONDITIONS = DEBUG;
				SWIFT_VERSION = 5.0;
				TARGETED_DEVICE_FAMILY = 1;
			};
			name = Debug_PROD;
		};
		B8FBAE7E229ED9BC002439A1 /* Debug_PROD */ = {
			isa = XCBuildConfiguration;
			baseConfigurationReference = 14350D3E4704F6ED2734AEE6 /* Pods-CSVReaderTests.debug_prod.xcconfig */;
			buildSettings = {
				ALWAYS_EMBED_SWIFT_STANDARD_LIBRARIES = YES;
				BUNDLE_LOADER = "$(TEST_HOST)";
				CODE_SIGN_STYLE = Automatic;
				DEVELOPMENT_TEAM = 3GYEN6EV6G;
				INFOPLIST_FILE = "CSVReaderTests/Supporting Files/Info.plist";
				LD_RUNPATH_SEARCH_PATHS = (
					"$(inherited)",
					"@executable_path/Frameworks",
					"@loader_path/Frameworks",
				);
				PRODUCT_BUNDLE_IDENTIFIER = gz.dev.xdm.CSVReaderTests;
				PRODUCT_NAME = "$(TARGET_NAME)";
				SWIFT_VERSION = 5.0;
				TARGETED_DEVICE_FAMILY = 1;
				TEST_HOST = "$(BUILT_PRODUCTS_DIR)/SimpleReader.app/SimpleReader";
			};
			name = Debug_PROD;
		};
		B8FBAE7F229ED9BC002439A1 /* Debug_PROD */ = {
			isa = XCBuildConfiguration;
			baseConfigurationReference = 2799672ED81DFA7ED38C1D93 /* Pods-CSVReaderUITests.debug_prod.xcconfig */;
			buildSettings = {
				BUNDLE_LOADER = "$(TEST_HOST)";
				CLANG_ENABLE_MODULES = YES;
				CODE_SIGN_STYLE = Automatic;
				DEVELOPMENT_TEAM = 3GYEN6EV6G;
				INFOPLIST_FILE = "CSVReaderUITests/Supporting Files/Info.plist";
				IPHONEOS_DEPLOYMENT_TARGET = 11.4;
				LD_RUNPATH_SEARCH_PATHS = (
					"$(inherited)",
					"@executable_path/Frameworks",
					"@loader_path/Frameworks",
				);
				OTHER_LIBTOOLFLAGS = "-ObjC";
				PRODUCT_BUNDLE_IDENTIFIER = gz.dev.xdm.CSVReaderUITests;
				PRODUCT_NAME = "$(TARGET_NAME)";
				SWIFT_OBJC_BRIDGING_HEADER = "CSVReaderUITests/Supporting Files/CSVReaderUITests-Bridging-Header.h";
				SWIFT_OPTIMIZATION_LEVEL = "-Onone";
				SWIFT_VERSION = 5.0;
				TARGETED_DEVICE_FAMILY = 1;
				TEST_HOST = "$(BUILT_PRODUCTS_DIR)/SimpleReader.app/SimpleReader";
			};
			name = Debug_PROD;
		};
		B8FBAE80229ED9D5002439A1 /* Release_PROD */ = {
			isa = XCBuildConfiguration;
			buildSettings = {
				ALWAYS_SEARCH_USER_PATHS = NO;
				CLANG_ANALYZER_NONNULL = YES;
				CLANG_ANALYZER_NUMBER_OBJECT_CONVERSION = YES_AGGRESSIVE;
				CLANG_CXX_LANGUAGE_STANDARD = "gnu++14";
				CLANG_CXX_LIBRARY = "libc++";
				CLANG_ENABLE_MODULES = YES;
				CLANG_ENABLE_OBJC_ARC = YES;
				CLANG_ENABLE_OBJC_WEAK = YES;
				CLANG_WARN_BLOCK_CAPTURE_AUTORELEASING = YES;
				CLANG_WARN_BOOL_CONVERSION = YES;
				CLANG_WARN_COMMA = YES;
				CLANG_WARN_CONSTANT_CONVERSION = YES;
				CLANG_WARN_DEPRECATED_OBJC_IMPLEMENTATIONS = YES;
				CLANG_WARN_DIRECT_OBJC_ISA_USAGE = YES_ERROR;
				CLANG_WARN_DOCUMENTATION_COMMENTS = YES;
				CLANG_WARN_EMPTY_BODY = YES;
				CLANG_WARN_ENUM_CONVERSION = YES;
				CLANG_WARN_INFINITE_RECURSION = YES;
				CLANG_WARN_INT_CONVERSION = YES;
				CLANG_WARN_NON_LITERAL_NULL_CONVERSION = YES;
				CLANG_WARN_OBJC_IMPLICIT_RETAIN_SELF = YES;
				CLANG_WARN_OBJC_LITERAL_CONVERSION = YES;
				CLANG_WARN_OBJC_ROOT_CLASS = YES_ERROR;
				CLANG_WARN_RANGE_LOOP_ANALYSIS = YES;
				CLANG_WARN_STRICT_PROTOTYPES = YES;
				CLANG_WARN_SUSPICIOUS_MOVE = YES;
				CLANG_WARN_UNGUARDED_AVAILABILITY = YES_AGGRESSIVE;
				CLANG_WARN_UNREACHABLE_CODE = YES;
				CLANG_WARN__DUPLICATE_METHOD_MATCH = YES;
				CODE_SIGN_IDENTITY = "iPhone Developer";
				COPY_PHASE_STRIP = NO;
				DEBUG_INFORMATION_FORMAT = "dwarf-with-dsym";
				ENABLE_NS_ASSERTIONS = NO;
				ENABLE_STRICT_OBJC_MSGSEND = YES;
				GCC_C_LANGUAGE_STANDARD = gnu11;
				GCC_NO_COMMON_BLOCKS = YES;
				GCC_WARN_64_TO_32_BIT_CONVERSION = YES;
				GCC_WARN_ABOUT_RETURN_TYPE = YES_ERROR;
				GCC_WARN_UNDECLARED_SELECTOR = YES;
				GCC_WARN_UNINITIALIZED_AUTOS = YES_AGGRESSIVE;
				GCC_WARN_UNUSED_FUNCTION = YES;
				GCC_WARN_UNUSED_VARIABLE = YES;
				IPHONEOS_DEPLOYMENT_TARGET = 11.4;
				MTL_ENABLE_DEBUG_INFO = NO;
				MTL_FAST_MATH = YES;
				SDKROOT = iphoneos;
				SWIFT_COMPILATION_MODE = wholemodule;
				SWIFT_OPTIMIZATION_LEVEL = "-O";
				VALIDATE_PRODUCT = YES;
			};
			name = Release_PROD;
		};
		B8FBAE81229ED9D5002439A1 /* Release_PROD */ = {
			isa = XCBuildConfiguration;
			baseConfigurationReference = 220A1168761A50225C7D78AA /* Pods-CSVReader.release_prod.xcconfig */;
			buildSettings = {
				ASSETCATALOG_COMPILER_APPICON_NAME = AppIcon;
				CODE_SIGN_STYLE = Automatic;
				DEVELOPMENT_TEAM = 3GYEN6EV6G;
				INFOPLIST_FILE = "CSVReader/Infrastructure/Supporting Files/Info.plist";
				LD_RUNPATH_SEARCH_PATHS = (
					"$(inherited)",
					"@executable_path/Frameworks",
				);
				OTHER_SWIFT_FLAGS = "$(inherited) -DCONF_PROD";
				PRODUCT_BUNDLE_IDENTIFIER = gz.dev.xdm.CSVReader;
				PRODUCT_NAME = SimpleReader;
				SWIFT_ACTIVE_COMPILATION_CONDITIONS = "";
				SWIFT_VERSION = 5.0;
				TARGETED_DEVICE_FAMILY = 1;
			};
			name = Release_PROD;
		};
		B8FBAE82229ED9D5002439A1 /* Release_PROD */ = {
			isa = XCBuildConfiguration;
			baseConfigurationReference = 05D5B046434063E4A197E224 /* Pods-CSVReaderTests.release_prod.xcconfig */;
			buildSettings = {
				ALWAYS_EMBED_SWIFT_STANDARD_LIBRARIES = YES;
				BUNDLE_LOADER = "$(TEST_HOST)";
				CODE_SIGN_STYLE = Automatic;
				DEVELOPMENT_TEAM = 3GYEN6EV6G;
				INFOPLIST_FILE = "CSVReaderTests/Supporting Files/Info.plist";
				LD_RUNPATH_SEARCH_PATHS = (
					"$(inherited)",
					"@executable_path/Frameworks",
					"@loader_path/Frameworks",
				);
				PRODUCT_BUNDLE_IDENTIFIER = gz.dev.xdm.CSVReaderTests;
				PRODUCT_NAME = "$(TARGET_NAME)";
				SWIFT_VERSION = 5.0;
				TARGETED_DEVICE_FAMILY = 1;
				TEST_HOST = "$(BUILT_PRODUCTS_DIR)/SimpleReader.app/SimpleReader";
			};
			name = Release_PROD;
		};
		B8FBAE83229ED9D5002439A1 /* Release_PROD */ = {
			isa = XCBuildConfiguration;
			baseConfigurationReference = 40CACA7DEB81EFCE1152B245 /* Pods-CSVReaderUITests.release_prod.xcconfig */;
			buildSettings = {
				BUNDLE_LOADER = "$(TEST_HOST)";
				CLANG_ENABLE_MODULES = YES;
				CODE_SIGN_STYLE = Automatic;
				DEVELOPMENT_TEAM = 3GYEN6EV6G;
				INFOPLIST_FILE = "CSVReaderUITests/Supporting Files/Info.plist";
				IPHONEOS_DEPLOYMENT_TARGET = 11.4;
				LD_RUNPATH_SEARCH_PATHS = (
					"$(inherited)",
					"@executable_path/Frameworks",
					"@loader_path/Frameworks",
				);
				OTHER_LIBTOOLFLAGS = "-ObjC";
				PRODUCT_BUNDLE_IDENTIFIER = gz.dev.xdm.CSVReaderUITests;
				PRODUCT_NAME = "$(TARGET_NAME)";
				SWIFT_OBJC_BRIDGING_HEADER = "CSVReaderUITests/Supporting Files/CSVReaderUITests-Bridging-Header.h";
				SWIFT_VERSION = 5.0;
				TARGETED_DEVICE_FAMILY = 1;
				TEST_HOST = "$(BUILT_PRODUCTS_DIR)/SimpleReader.app/SimpleReader";
			};
			name = Release_PROD;
		};
/* End XCBuildConfiguration section */

/* Begin XCConfigurationList section */
		B8FBAE46229ED742002439A1 /* Build configuration list for PBXProject "CSVReader" */ = {
			isa = XCConfigurationList;
			buildConfigurations = (
				B8FBAE66229ED744002439A1 /* Debug_STAGE */,
				B8FBAE7C229ED9BC002439A1 /* Debug_PROD */,
				B8FBAE67229ED744002439A1 /* Release_STAGE */,
				B8FBAE80229ED9D5002439A1 /* Release_PROD */,
			);
			defaultConfigurationIsVisible = 0;
			defaultConfigurationName = Release_PROD;
		};
		B8FBAE68229ED744002439A1 /* Build configuration list for PBXNativeTarget "CSVReader" */ = {
			isa = XCConfigurationList;
			buildConfigurations = (
				B8FBAE69229ED744002439A1 /* Debug_STAGE */,
				B8FBAE7D229ED9BC002439A1 /* Debug_PROD */,
				B8FBAE6A229ED744002439A1 /* Release_STAGE */,
				B8FBAE81229ED9D5002439A1 /* Release_PROD */,
			);
			defaultConfigurationIsVisible = 0;
			defaultConfigurationName = Release_PROD;
		};
		B8FBAE6B229ED744002439A1 /* Build configuration list for PBXNativeTarget "CSVReaderTests" */ = {
			isa = XCConfigurationList;
			buildConfigurations = (
				B8FBAE6C229ED744002439A1 /* Debug_STAGE */,
				B8FBAE7E229ED9BC002439A1 /* Debug_PROD */,
				B8FBAE6D229ED744002439A1 /* Release_STAGE */,
				B8FBAE82229ED9D5002439A1 /* Release_PROD */,
			);
			defaultConfigurationIsVisible = 0;
			defaultConfigurationName = Release_PROD;
		};
		B8FBAE79229ED80A002439A1 /* Build configuration list for PBXNativeTarget "CSVReaderUITests" */ = {
			isa = XCConfigurationList;
			buildConfigurations = (
				B8FBAE7A229ED80A002439A1 /* Debug_STAGE */,
				B8FBAE7F229ED9BC002439A1 /* Debug_PROD */,
				B8FBAE7B229ED80A002439A1 /* Release_STAGE */,
				B8FBAE83229ED9D5002439A1 /* Release_PROD */,
			);
			defaultConfigurationIsVisible = 0;
			defaultConfigurationName = Release_PROD;
		};
/* End XCConfigurationList section */
	};
	rootObject = B8FBAE43229ED742002439A1 /* Project object */;
}
